
Microsoft Visual Studio Solution File, Format Version 12.00
# Visual Studio Version 16
VisualStudioVersion = 16.0.31702.278
MinimumVisualStudioVersion = 10.0.40219.1
Project("{FAE04EC0-301F-11D3-BF4B-00C04F79EFBC}") = "Calculadora", "Calculadora\Calculadora.csproj", "{69258B06-3AA1-4144-9816-6BD6BFDC15EF}"
EndProject
Global
	GlobalSection(SolutionConfigurationPlatforms) = preSolution
		Debug|Any CPU = Debug|Any CPU
		Release|Any CPU = Release|Any CPU
	EndGlobalSection
	GlobalSection(ProjectConfigurationPlatforms) = postSolution
		{69258B06-3AA1-4144-9816-6BD6BFDC15EF}.Debug|Any CPU.ActiveCfg = Debug|Any CPU
		{69258B06-3AA1-4144-9816-6BD6BFDC15EF}.Debug|Any CPU.Build.0 = Debug|Any CPU
		{69258B06-3AA1-4144-9816-6BD6BFDC15EF}.Release|Any CPU.ActiveCfg = Release|Any CPU
		{69258B06-3AA1-4144-9816-6BD6BFDC15EF}.Release|Any CPU.Build.0 = Release|Any CPU
	EndGlobalSection
	GlobalSection(SolutionProperties) = preSolution
		HideSolutionNode = FALSE
	EndGlobalSection
	GlobalSection(ExtensibilityGlobals) = postSolution
		SolutionGuid = {3FAEE09D-B4CA-4F78-A133-36BF87FB2F55}
	EndGlobalSection
EndGlobal
